
Microsoft Visual Studio Solution File, Format Version 12.00
# Visual Studio Version 16
VisualStudioVersion = 16.0.35706.149
MinimumVisualStudioVersion = 10.0.40219.1
Project("{F184B08F-C81C-45F6-A57F-5ABD9991F28F}") = "CIS4290Project", "CIS4290Project.vbproj", "{3975ECF2-38A4-4857-93A1-E852E420163D}"
EndProject
Global
	GlobalSection(SolutionConfigurationPlatforms) = preSolution
		Debug|Any CPU = Debug|Any CPU
		Release|Any CPU = Release|Any CPU
	EndGlobalSection
	GlobalSection(ProjectConfigurationPlatforms) = postSolution
		{3975ECF2-38A4-4857-93A1-E852E420163D}.Debug|Any CPU.ActiveCfg = Debug|Any CPU
		{3975ECF2-38A4-4857-93A1-E852E420163D}.Debug|Any CPU.Build.0 = Debug|Any CPU
		{3975ECF2-38A4-4857-93A1-E852E420163D}.Release|Any CPU.ActiveCfg = Release|Any CPU
		{3975ECF2-38A4-4857-93A1-E852E420163D}.Release|Any CPU.Build.0 = Release|Any CPU
	EndGlobalSection
	GlobalSection(SolutionProperties) = preSolution
		HideSolutionNode = FALSE
	EndGlobalSection
	GlobalSection(ExtensibilityGlobals) = postSolution
		SolutionGuid = {9927661A-667D-429D-B668-7555610A4282}
	EndGlobalSection
EndGlobal
